
Microsoft Visual Studio Solution File, Format Version 12.00
# Visual Studio Version 16
VisualStudioVersion = 16.0.30804.86
MinimumVisualStudioVersion = 10.0.40219.1
Project("{FAE04EC0-301F-11D3-BF4B-00C04F79EFBC}") = "SalesWebMvc", "SalesWebMvc\SalesWebMvc.csproj", "{7ADF8B71-B234-48EC-9B9E-3642D23880B3}"
EndProject
Global
	GlobalSection(SolutionConfigurationPlatforms) = preSolution
		Debug|Any CPU = Debug|Any CPU
		Release|Any CPU = Release|Any CPU
	EndGlobalSection
	GlobalSection(ProjectConfigurationPlatforms) = postSolution
		{7ADF8B71-B234-48EC-9B9E-3642D23880B3}.Debug|Any CPU.ActiveCfg = Debug|Any CPU
		{7ADF8B71-B234-48EC-9B9E-3642D23880B3}.Debug|Any CPU.Build.0 = Debug|Any CPU
		{7ADF8B71-B234-48EC-9B9E-3642D23880B3}.Release|Any CPU.ActiveCfg = Release|Any CPU
		{7ADF8B71-B234-48EC-9B9E-3642D23880B3}.Release|Any CPU.Build.0 = Release|Any CPU
	EndGlobalSection
	GlobalSection(SolutionProperties) = preSolution
		HideSolutionNode = FALSE
	EndGlobalSection
	GlobalSection(ExtensibilityGlobals) = postSolution
		SolutionGuid = {4C56D2E2-EFA0-4517-A6D0-15E42A1F40E7}
	EndGlobalSection
EndGlobal
